
Microsoft Visual Studio Solution File, Format Version 12.00
# Visual Studio 2013
VisualStudioVersion = 12.0.31101.0
MinimumVisualStudioVersion = 10.0.40219.1
Project("{F184B08F-C81C-45F6-A57F-5ABD9991F28F}") = "JimFormFillerDemo", "JimFormFillerDemo\JimFormFillerDemo.vbproj", "{18DBF130-87FA-4EAD-9B23-6DAC8047154E}"
EndProject
Project("{6141683F-8A12-4E36-9623-2EB02B2C2303}") = "Setup", "Setup\Setup.isproj", "{2AF22E4D-D976-4CB1-95DC-40270AF181AC}"
	ProjectSection(ProjectDependencies) = postProject
		{18DBF130-87FA-4EAD-9B23-6DAC8047154E} = {18DBF130-87FA-4EAD-9B23-6DAC8047154E}
	EndProjectSection
EndProject
Global
	GlobalSection(SolutionConfigurationPlatforms) = preSolution
		CD_ROM|Any CPU = CD_ROM|Any CPU
		Debug|Any CPU = Debug|Any CPU
		DVD-5|Any CPU = DVD-5|Any CPU
		Release|Any CPU = Release|Any CPU
		SingleImage|Any CPU = SingleImage|Any CPU
	EndGlobalSection
	GlobalSection(ProjectConfigurationPlatforms) = postSolution
		{18DBF130-87FA-4EAD-9B23-6DAC8047154E}.CD_ROM|Any CPU.ActiveCfg = Release|Any CPU
		{18DBF130-87FA-4EAD-9B23-6DAC8047154E}.CD_ROM|Any CPU.Build.0 = Release|Any CPU
		{18DBF130-87FA-4EAD-9B23-6DAC8047154E}.Debug|Any CPU.ActiveCfg = Debug|Any CPU
		{18DBF130-87FA-4EAD-9B23-6DAC8047154E}.Debug|Any CPU.Build.0 = Debug|Any CPU
		{18DBF130-87FA-4EAD-9B23-6DAC8047154E}.DVD-5|Any CPU.ActiveCfg = Debug|Any CPU
		{18DBF130-87FA-4EAD-9B23-6DAC8047154E}.DVD-5|Any CPU.Build.0 = Debug|Any CPU
		{18DBF130-87FA-4EAD-9B23-6DAC8047154E}.Release|Any CPU.ActiveCfg = Release|Any CPU
		{18DBF130-87FA-4EAD-9B23-6DAC8047154E}.Release|Any CPU.Build.0 = Release|Any CPU
		{18DBF130-87FA-4EAD-9B23-6DAC8047154E}.SingleImage|Any CPU.ActiveCfg = Release|Any CPU
		{18DBF130-87FA-4EAD-9B23-6DAC8047154E}.SingleImage|Any CPU.Build.0 = Release|Any CPU
		{2AF22E4D-D976-4CB1-95DC-40270AF181AC}.CD_ROM|Any CPU.ActiveCfg = CD_ROM
		{2AF22E4D-D976-4CB1-95DC-40270AF181AC}.CD_ROM|Any CPU.Build.0 = CD_ROM
		{2AF22E4D-D976-4CB1-95DC-40270AF181AC}.Debug|Any CPU.ActiveCfg = DVD-5
		{2AF22E4D-D976-4CB1-95DC-40270AF181AC}.Debug|Any CPU.Build.0 = DVD-5
		{2AF22E4D-D976-4CB1-95DC-40270AF181AC}.DVD-5|Any CPU.ActiveCfg = DVD-5
		{2AF22E4D-D976-4CB1-95DC-40270AF181AC}.DVD-5|Any CPU.Build.0 = DVD-5
		{2AF22E4D-D976-4CB1-95DC-40270AF181AC}.Release|Any CPU.ActiveCfg = SingleImage
		{2AF22E4D-D976-4CB1-95DC-40270AF181AC}.Release|Any CPU.Build.0 = SingleImage
		{2AF22E4D-D976-4CB1-95DC-40270AF181AC}.SingleImage|Any CPU.ActiveCfg = SingleImage
		{2AF22E4D-D976-4CB1-95DC-40270AF181AC}.SingleImage|Any CPU.Build.0 = SingleImage
	EndGlobalSection
	GlobalSection(SolutionProperties) = preSolution
		HideSolutionNode = FALSE
	EndGlobalSection
EndGlobal
